
Microsoft Visual Studio Solution File, Format Version 12.00
# Visual Studio Version 17
VisualStudioVersion = 17.5.002.0
MinimumVisualStudioVersion = 10.0.40219.1
Project("{9A19103F-16F7-4668-BE54-9A1E7A4F7556}") = "AplicacaoCafeteria", "AplicacaoCafeteria\AplicacaoCafeteria.csproj", "{8E2030A8-9ED6-494B-A30D-B89E4D47C1CF}"
EndProject
Global
	GlobalSection(SolutionConfigurationPlatforms) = preSolution
		Debug|Any CPU = Debug|Any CPU
		Release|Any CPU = Release|Any CPU
	EndGlobalSection
	GlobalSection(ProjectConfigurationPlatforms) = postSolution
		{8E2030A8-9ED6-494B-A30D-B89E4D47C1CF}.Debug|Any CPU.ActiveCfg = Debug|Any CPU
		{8E2030A8-9ED6-494B-A30D-B89E4D47C1CF}.Debug|Any CPU.Build.0 = Debug|Any CPU
		{8E2030A8-9ED6-494B-A30D-B89E4D47C1CF}.Release|Any CPU.ActiveCfg = Release|Any CPU
		{8E2030A8-9ED6-494B-A30D-B89E4D47C1CF}.Release|Any CPU.Build.0 = Release|Any CPU
	EndGlobalSection
	GlobalSection(SolutionProperties) = preSolution
		HideSolutionNode = FALSE
	EndGlobalSection
	GlobalSection(ExtensibilityGlobals) = postSolution
		SolutionGuid = {3F58BEF7-FCF1-4D5E-BC17-1A60BD638F82}
	EndGlobalSection
EndGlobal
